// !$*UTF8*$!
{
	archiveVersion = 1;
	classes = {
	};
	objectVersion = 52;
	objects = {

/* Begin PBXBuildFile section */
		0269500C2404407F001CE788 /* UsersCollectionsCell.swift in Sources */ = {isa = PBXBuildFile; fileRef = 0269500B2404407F001CE788 /* UsersCollectionsCell.swift */; };
		02699BB924021C2400211C0F /* AppDelegate.swift in Sources */ = {isa = PBXBuildFile; fileRef = 02699BB824021C2400211C0F /* AppDelegate.swift */; };
		02699BBB24021C2400211C0F /* SceneDelegate.swift in Sources */ = {isa = PBXBuildFile; fileRef = 02699BBA24021C2400211C0F /* SceneDelegate.swift */; };
		02699BC224021C2900211C0F /* Assets.xcassets in Resources */ = {isa = PBXBuildFile; fileRef = 02699BC124021C2900211C0F /* Assets.xcassets */; };
		02699BC524021C2900211C0F /* LaunchScreen.storyboard in Resources */ = {isa = PBXBuildFile; fileRef = 02699BC324021C2900211C0F /* LaunchScreen.storyboard */; };
		02699BD024021C2900211C0F /* Mock_Foursquare_AppTests.swift in Sources */ = {isa = PBXBuildFile; fileRef = 02699BCF24021C2900211C0F /* Mock_Foursquare_AppTests.swift */; };
		02699BE524021F5300211C0F /* ImageKit in Frameworks */ = {isa = PBXBuildFile; productRef = 02699BE424021F5300211C0F /* ImageKit */; };
		02699BE724021F8400211C0F /* FoursquareAPIClient.swift in Sources */ = {isa = PBXBuildFile; fileRef = 02699BE624021F8400211C0F /* FoursquareAPIClient.swift */; };
		02699BE924021FCA00211C0F /* FoursquareSearch.swift in Sources */ = {isa = PBXBuildFile; fileRef = 02699BE824021FCA00211C0F /* FoursquareSearch.swift */; };
		02699BEB2402204200211C0F /* UserCollectionsController.swift in Sources */ = {isa = PBXBuildFile; fileRef = 02699BEA2402204200211C0F /* UserCollectionsController.swift */; };
		02699BED2402205600211C0F /* MapViewController.swift in Sources */ = {isa = PBXBuildFile; fileRef = 02699BEC2402205600211C0F /* MapViewController.swift */; };
		02699BEF2402208A00211C0F /* TabBarController.swift in Sources */ = {isa = PBXBuildFile; fileRef = 02699BEE2402208A00211C0F /* TabBarController.swift */; };
		02699BF12402212C00211C0F /* TheMapView.swift in Sources */ = {isa = PBXBuildFile; fileRef = 02699BF02402212C00211C0F /* TheMapView.swift */; };
		02699BF32402217C00211C0F /* UserCollectionsView.swift in Sources */ = {isa = PBXBuildFile; fileRef = 02699BF22402217C00211C0F /* UserCollectionsView.swift */; };
		026C2A1A2406DF5F00B71A14 /* VenuesCollection.storyboard in Resources */ = {isa = PBXBuildFile; fileRef = 026C2A192406DF5F00B71A14 /* VenuesCollection.storyboard */; };
		026C2A1C2406E1DD00B71A14 /* VenueCollectionController.swift in Sources */ = {isa = PBXBuildFile; fileRef = 026C2A1B2406E1DD00B71A14 /* VenueCollectionController.swift */; };
		026C2A1E2406E32400B71A14 /* VenueCollectionTableCell.swift in Sources */ = {isa = PBXBuildFile; fileRef = 026C2A1D2406E32400B71A14 /* VenueCollectionTableCell.swift */; };
		02A5D1D524044F7F00060CA2 /* UserCollection.swift in Sources */ = {isa = PBXBuildFile; fileRef = 02A5D1D424044F7F00060CA2 /* UserCollection.swift */; };
		02A5D1D82404525100060CA2 /* CreateCollection.storyboard in Resources */ = {isa = PBXBuildFile; fileRef = 02A5D1D72404525100060CA2 /* CreateCollection.storyboard */; };
		02A5D1DA240452AA00060CA2 /* CreateCollectionController.swift in Sources */ = {isa = PBXBuildFile; fileRef = 02A5D1D9240452AA00060CA2 /* CreateCollectionController.swift */; };
		6CF62EC22405DABC008B62C6 /* ItemTableViewController.swift in Sources */ = {isa = PBXBuildFile; fileRef = 6CF62EC12405DABC008B62C6 /* ItemTableViewController.swift */; };
		6CF62EC42405DAC7008B62C6 /* DetailViewController.swift in Sources */ = {isa = PBXBuildFile; fileRef = 6CF62EC32405DAC7008B62C6 /* DetailViewController.swift */; };
		6CF62EC62405DAE2008B62C6 /* ItemTableView.swift in Sources */ = {isa = PBXBuildFile; fileRef = 6CF62EC52405DAE2008B62C6 /* ItemTableView.swift */; };
		6CF62EC82405DAEA008B62C6 /* DetailView.swift in Sources */ = {isa = PBXBuildFile; fileRef = 6CF62EC72405DAEA008B62C6 /* DetailView.swift */; };
		6CF62ECA2405DB10008B62C6 /* ItemTableViewCell.swift in Sources */ = {isa = PBXBuildFile; fileRef = 6CF62EC92405DB10008B62C6 /* ItemTableViewCell.swift */; };
		6CF62ECC2405DB4B008B62C6 /* configure.swift in Sources */ = {isa = PBXBuildFile; fileRef = 6CF62ECB2405DB4B008B62C6 /* configure.swift */; };
		C187F2F424059D6500C10721 /* VenueCVCell.xib in Resources */ = {isa = PBXBuildFile; fileRef = C187F2F324059D6500C10721 /* VenueCVCell.xib */; };
		C187F2FA2405A03400C10721 /* CollectionViewCell.swift in Sources */ = {isa = PBXBuildFile; fileRef = C187F2F92405A03400C10721 /* CollectionViewCell.swift */; };
		C1AE932D24060C8F00ECF980 /* FourSquarePhotosModel.swift in Sources */ = {isa = PBXBuildFile; fileRef = C1AE932C24060C8F00ECF980 /* FourSquarePhotosModel.swift */; };
/* End PBXBuildFile section */

/* Begin PBXContainerItemProxy section */
		02699BCC24021C2900211C0F /* PBXContainerItemProxy */ = {
			isa = PBXContainerItemProxy;
			containerPortal = 02699BAD24021C2400211C0F /* Project object */;
			proxyType = 1;
			remoteGlobalIDString = 02699BB424021C2400211C0F;
			remoteInfo = "Mock-Foursquare-App";
		};
/* End PBXContainerItemProxy section */

/* Begin PBXFileReference section */
		0269500B2404407F001CE788 /* UsersCollectionsCell.swift */ = {isa = PBXFileReference; lastKnownFileType = sourcecode.swift; path = UsersCollectionsCell.swift; sourceTree = "<group>"; };
		02699BB524021C2400211C0F /* Mock-Foursquare-App.app */ = {isa = PBXFileReference; explicitFileType = wrapper.application; includeInIndex = 0; path = "Mock-Foursquare-App.app"; sourceTree = BUILT_PRODUCTS_DIR; };
		02699BB824021C2400211C0F /* AppDelegate.swift */ = {isa = PBXFileReference; lastKnownFileType = sourcecode.swift; path = AppDelegate.swift; sourceTree = "<group>"; };
		02699BBA24021C2400211C0F /* SceneDelegate.swift */ = {isa = PBXFileReference; lastKnownFileType = sourcecode.swift; path = SceneDelegate.swift; sourceTree = "<group>"; };
		02699BC124021C2900211C0F /* Assets.xcassets */ = {isa = PBXFileReference; lastKnownFileType = folder.assetcatalog; path = Assets.xcassets; sourceTree = "<group>"; };
		02699BC424021C2900211C0F /* Base */ = {isa = PBXFileReference; lastKnownFileType = file.storyboard; name = Base; path = Base.lproj/LaunchScreen.storyboard; sourceTree = "<group>"; };
		02699BC624021C2900211C0F /* Info.plist */ = {isa = PBXFileReference; lastKnownFileType = text.plist.xml; path = Info.plist; sourceTree = "<group>"; };
		02699BCB24021C2900211C0F /* Mock-Foursquare-AppTests.xctest */ = {isa = PBXFileReference; explicitFileType = wrapper.cfbundle; includeInIndex = 0; path = "Mock-Foursquare-AppTests.xctest"; sourceTree = BUILT_PRODUCTS_DIR; };
		02699BCF24021C2900211C0F /* Mock_Foursquare_AppTests.swift */ = {isa = PBXFileReference; lastKnownFileType = sourcecode.swift; path = Mock_Foursquare_AppTests.swift; sourceTree = "<group>"; };
		02699BD124021C2900211C0F /* Info.plist */ = {isa = PBXFileReference; lastKnownFileType = text.plist.xml; path = Info.plist; sourceTree = "<group>"; };
		02699BE624021F8400211C0F /* FoursquareAPIClient.swift */ = {isa = PBXFileReference; lastKnownFileType = sourcecode.swift; path = FoursquareAPIClient.swift; sourceTree = "<group>"; };
		02699BE824021FCA00211C0F /* FoursquareSearch.swift */ = {isa = PBXFileReference; lastKnownFileType = sourcecode.swift; path = FoursquareSearch.swift; sourceTree = "<group>"; };
		02699BEA2402204200211C0F /* UserCollectionsController.swift */ = {isa = PBXFileReference; lastKnownFileType = sourcecode.swift; path = UserCollectionsController.swift; sourceTree = "<group>"; };
		02699BEC2402205600211C0F /* MapViewController.swift */ = {isa = PBXFileReference; lastKnownFileType = sourcecode.swift; path = MapViewController.swift; sourceTree = "<group>"; };
		02699BEE2402208A00211C0F /* TabBarController.swift */ = {isa = PBXFileReference; lastKnownFileType = sourcecode.swift; path = TabBarController.swift; sourceTree = "<group>"; };
		02699BF02402212C00211C0F /* TheMapView.swift */ = {isa = PBXFileReference; lastKnownFileType = sourcecode.swift; path = TheMapView.swift; sourceTree = "<group>"; };
		02699BF22402217C00211C0F /* UserCollectionsView.swift */ = {isa = PBXFileReference; lastKnownFileType = sourcecode.swift; path = UserCollectionsView.swift; sourceTree = "<group>"; };
		026C2A192406DF5F00B71A14 /* VenuesCollection.storyboard */ = {isa = PBXFileReference; lastKnownFileType = file.storyboard; path = VenuesCollection.storyboard; sourceTree = "<group>"; };
		026C2A1B2406E1DD00B71A14 /* VenueCollectionController.swift */ = {isa = PBXFileReference; lastKnownFileType = sourcecode.swift; path = VenueCollectionController.swift; sourceTree = "<group>"; };
		026C2A1D2406E32400B71A14 /* VenueCollectionTableCell.swift */ = {isa = PBXFileReference; lastKnownFileType = sourcecode.swift; path = VenueCollectionTableCell.swift; sourceTree = "<group>"; };
		02A5D1D424044F7F00060CA2 /* UserCollection.swift */ = {isa = PBXFileReference; lastKnownFileType = sourcecode.swift; path = UserCollection.swift; sourceTree = "<group>"; };
		02A5D1D72404525100060CA2 /* CreateCollection.storyboard */ = {isa = PBXFileReference; lastKnownFileType = file.storyboard; path = CreateCollection.storyboard; sourceTree = "<group>"; };
		02A5D1D9240452AA00060CA2 /* CreateCollectionController.swift */ = {isa = PBXFileReference; lastKnownFileType = sourcecode.swift; path = CreateCollectionController.swift; sourceTree = "<group>"; };
		6CF62EC12405DABC008B62C6 /* ItemTableViewController.swift */ = {isa = PBXFileReference; lastKnownFileType = sourcecode.swift; path = ItemTableViewController.swift; sourceTree = "<group>"; };
		6CF62EC32405DAC7008B62C6 /* DetailViewController.swift */ = {isa = PBXFileReference; lastKnownFileType = sourcecode.swift; path = DetailViewController.swift; sourceTree = "<group>"; };
		6CF62EC52405DAE2008B62C6 /* ItemTableView.swift */ = {isa = PBXFileReference; lastKnownFileType = sourcecode.swift; path = ItemTableView.swift; sourceTree = "<group>"; };
		6CF62EC72405DAEA008B62C6 /* DetailView.swift */ = {isa = PBXFileReference; lastKnownFileType = sourcecode.swift; path = DetailView.swift; sourceTree = "<group>"; };
		6CF62EC92405DB10008B62C6 /* ItemTableViewCell.swift */ = {isa = PBXFileReference; lastKnownFileType = sourcecode.swift; path = ItemTableViewCell.swift; sourceTree = "<group>"; };
		6CF62ECB2405DB4B008B62C6 /* configure.swift */ = {isa = PBXFileReference; lastKnownFileType = sourcecode.swift; path = configure.swift; sourceTree = "<group>"; };
		C187F2F324059D6500C10721 /* VenueCVCell.xib */ = {isa = PBXFileReference; lastKnownFileType = file.xib; path = VenueCVCell.xib; sourceTree = "<group>"; };
		C187F2F92405A03400C10721 /* CollectionViewCell.swift */ = {isa = PBXFileReference; lastKnownFileType = sourcecode.swift; path = CollectionViewCell.swift; sourceTree = "<group>"; };
		C1AE932C24060C8F00ECF980 /* FourSquarePhotosModel.swift */ = {isa = PBXFileReference; lastKnownFileType = sourcecode.swift; path = FourSquarePhotosModel.swift; sourceTree = "<group>"; };
/* End PBXFileReference section */

/* Begin PBXFrameworksBuildPhase section */
		02699BB224021C2400211C0F /* Frameworks */ = {
			isa = PBXFrameworksBuildPhase;
			buildActionMask = 2147483647;
			files = (
				02699BE524021F5300211C0F /* ImageKit in Frameworks */,
			);
			runOnlyForDeploymentPostprocessing = 0;
		};
		02699BC824021C2900211C0F /* Frameworks */ = {
			isa = PBXFrameworksBuildPhase;
			buildActionMask = 2147483647;
			files = (
			);
			runOnlyForDeploymentPostprocessing = 0;
		};
/* End PBXFrameworksBuildPhase section */

/* Begin PBXGroup section */
		0269500D24044189001CE788 /* Cells */ = {
			isa = PBXGroup;
			children = (
				0269500B2404407F001CE788 /* UsersCollectionsCell.swift */,
				026C2A1D2406E32400B71A14 /* VenueCollectionTableCell.swift */,
				C187F2F92405A03400C10721 /* CollectionViewCell.swift */,
				6CF62EC92405DB10008B62C6 /* ItemTableViewCell.swift */,
			);
			path = Cells;
			sourceTree = "<group>";
		};
		02699BAC24021C2400211C0F = {
			isa = PBXGroup;
			children = (
				02699BB724021C2400211C0F /* Mock-Foursquare-App */,
				02699BCE24021C2900211C0F /* Mock-Foursquare-AppTests */,
				02699BB624021C2400211C0F /* Products */,
			);
			sourceTree = "<group>";
		};
		02699BB624021C2400211C0F /* Products */ = {
			isa = PBXGroup;
			children = (
				02699BB524021C2400211C0F /* Mock-Foursquare-App.app */,
				02699BCB24021C2900211C0F /* Mock-Foursquare-AppTests.xctest */,
			);
			name = Products;
			sourceTree = "<group>";
		};
		02699BB724021C2400211C0F /* Mock-Foursquare-App */ = {
			isa = PBXGroup;
			children = (
				02A5D1D62404520F00060CA2 /* Storyboards */,
				0269500D24044189001CE788 /* Cells */,
				02699BDD24021D5D00211C0F /* View Controllers */,
				02699BDE24021D6B00211C0F /* Views */,
				02699BDC24021D5300211C0F /* Models */,
				02699BDB24021D2A00211C0F /* API Client */,
				02699BDA24021C8300211C0F /* Supporting Files */,
				02699BC624021C2900211C0F /* Info.plist */,
			);
			path = "Mock-Foursquare-App";
			sourceTree = "<group>";
		};
		02699BCE24021C2900211C0F /* Mock-Foursquare-AppTests */ = {
			isa = PBXGroup;
			children = (
				02699BCF24021C2900211C0F /* Mock_Foursquare_AppTests.swift */,
				02699BD124021C2900211C0F /* Info.plist */,
			);
			path = "Mock-Foursquare-AppTests";
			sourceTree = "<group>";
		};
		02699BDA24021C8300211C0F /* Supporting Files */ = {
			isa = PBXGroup;
			children = (
				02699BB824021C2400211C0F /* AppDelegate.swift */,
				02699BBA24021C2400211C0F /* SceneDelegate.swift */,
				6CF62ECB2405DB4B008B62C6 /* configure.swift */,
				02699BC124021C2900211C0F /* Assets.xcassets */,
				02699BC324021C2900211C0F /* LaunchScreen.storyboard */,
			);
			path = "Supporting Files";
			sourceTree = "<group>";
		};
		02699BDB24021D2A00211C0F /* API Client */ = {
			isa = PBXGroup;
			children = (
				02699BE624021F8400211C0F /* FoursquareAPIClient.swift */,
			);
			path = "API Client";
			sourceTree = "<group>";
		};
		02699BDC24021D5300211C0F /* Models */ = {
			isa = PBXGroup;
			children = (
				02699BE824021FCA00211C0F /* FoursquareSearch.swift */,
				02A5D1D424044F7F00060CA2 /* UserCollection.swift */,
				C1AE932C24060C8F00ECF980 /* FourSquarePhotosModel.swift */,
			);
			path = Models;
			sourceTree = "<group>";
		};
		02699BDD24021D5D00211C0F /* View Controllers */ = {
			isa = PBXGroup;
			children = (
				02699BEE2402208A00211C0F /* TabBarController.swift */,
				02699BEC2402205600211C0F /* MapViewController.swift */,
				02699BEA2402204200211C0F /* UserCollectionsController.swift */,
				02A5D1D9240452AA00060CA2 /* CreateCollectionController.swift */,
				026C2A1B2406E1DD00B71A14 /* VenueCollectionController.swift */,
				6CF62EC12405DABC008B62C6 /* ItemTableViewController.swift */,
				6CF62EC32405DAC7008B62C6 /* DetailViewController.swift */,
			);
			path = "View Controllers";
			sourceTree = "<group>";
		};
		02699BDE24021D6B00211C0F /* Views */ = {
			isa = PBXGroup;
			children = (
				02699BF02402212C00211C0F /* TheMapView.swift */,
				02699BF22402217C00211C0F /* UserCollectionsView.swift */,
				6CF62EC52405DAE2008B62C6 /* ItemTableView.swift */,
				6CF62EC72405DAEA008B62C6 /* DetailView.swift */,
			);
			path = Views;
			sourceTree = "<group>";
		};
		02A5D1D62404520F00060CA2 /* Storyboards */ = {
			isa = PBXGroup;
			children = (
				02A5D1D72404525100060CA2 /* CreateCollection.storyboard */,
				026C2A192406DF5F00B71A14 /* VenuesCollection.storyboard */,
				C187F2F324059D6500C10721 /* VenueCVCell.xib */,
			);
			path = Storyboards;
			sourceTree = "<group>";
		};
/* End PBXGroup section */

/* Begin PBXNativeTarget section */
		02699BB424021C2400211C0F /* Mock-Foursquare-App */ = {
			isa = PBXNativeTarget;
			buildConfigurationList = 02699BD424021C2900211C0F /* Build configuration list for PBXNativeTarget "Mock-Foursquare-App" */;
			buildPhases = (
				02699BB124021C2400211C0F /* Sources */,
				02699BB224021C2400211C0F /* Frameworks */,
				02699BB324021C2400211C0F /* Resources */,
			);
			buildRules = (
			);
			dependencies = (
			);
			name = "Mock-Foursquare-App";
			packageProductDependencies = (
				02699BE424021F5300211C0F /* ImageKit */,
			);
			productName = "Mock-Foursquare-App";
			productReference = 02699BB524021C2400211C0F /* Mock-Foursquare-App.app */;
			productType = "com.apple.product-type.application";
		};
		02699BCA24021C2900211C0F /* Mock-Foursquare-AppTests */ = {
			isa = PBXNativeTarget;
			buildConfigurationList = 02699BD724021C2900211C0F /* Build configuration list for PBXNativeTarget "Mock-Foursquare-AppTests" */;
			buildPhases = (
				02699BC724021C2900211C0F /* Sources */,
				02699BC824021C2900211C0F /* Frameworks */,
				02699BC924021C2900211C0F /* Resources */,
			);
			buildRules = (
			);
			dependencies = (
				02699BCD24021C2900211C0F /* PBXTargetDependency */,
			);
			name = "Mock-Foursquare-AppTests";
			productName = "Mock-Foursquare-AppTests";
			productReference = 02699BCB24021C2900211C0F /* Mock-Foursquare-AppTests.xctest */;
			productType = "com.apple.product-type.bundle.unit-test";
		};
/* End PBXNativeTarget section */

/* Begin PBXProject section */
		02699BAD24021C2400211C0F /* Project object */ = {
			isa = PBXProject;
			attributes = {
				LastSwiftUpdateCheck = 1130;
				LastUpgradeCheck = 1130;
				ORGANIZATIONNAME = "Kelby Mittan";
				TargetAttributes = {
					02699BB424021C2400211C0F = {
						CreatedOnToolsVersion = 11.3.1;
					};
					02699BCA24021C2900211C0F = {
						CreatedOnToolsVersion = 11.3.1;
						TestTargetID = 02699BB424021C2400211C0F;
					};
				};
			};
			buildConfigurationList = 02699BB024021C2400211C0F /* Build configuration list for PBXProject "Mock-Foursquare-App" */;
			compatibilityVersion = "Xcode 9.3";
			developmentRegion = en;
			hasScannedForEncodings = 0;
			knownRegions = (
				en,
				Base,
			);
			mainGroup = 02699BAC24021C2400211C0F;
			packageReferences = (
				02699BE324021F5300211C0F /* XCRemoteSwiftPackageReference "ImageKit" */,
			);
			productRefGroup = 02699BB624021C2400211C0F /* Products */;
			projectDirPath = "";
			projectRoot = "";
			targets = (
				02699BB424021C2400211C0F /* Mock-Foursquare-App */,
				02699BCA24021C2900211C0F /* Mock-Foursquare-AppTests */,
			);
		};
/* End PBXProject section */

/* Begin PBXResourcesBuildPhase section */
		02699BB324021C2400211C0F /* Resources */ = {
			isa = PBXResourcesBuildPhase;
			buildActionMask = 2147483647;
			files = (
				C187F2F424059D6500C10721 /* VenueCVCell.xib in Resources */,
				02699BC524021C2900211C0F /* LaunchScreen.storyboard in Resources */,
				02A5D1D82404525100060CA2 /* CreateCollection.storyboard in Resources */,
				02699BC224021C2900211C0F /* Assets.xcassets in Resources */,
				026C2A1A2406DF5F00B71A14 /* VenuesCollection.storyboard in Resources */,
			);
			runOnlyForDeploymentPostprocessing = 0;
		};
		02699BC924021C2900211C0F /* Resources */ = {
			isa = PBXResourcesBuildPhase;
			buildActionMask = 2147483647;
			files = (
			);
			runOnlyForDeploymentPostprocessing = 0;
		};
/* End PBXResourcesBuildPhase section */

/* Begin PBXSourcesBuildPhase section */
		02699BB124021C2400211C0F /* Sources */ = {
			isa = PBXSourcesBuildPhase;
			buildActionMask = 2147483647;
			files = (
				02699BF12402212C00211C0F /* TheMapView.swift in Sources */,
				6CF62EC82405DAEA008B62C6 /* DetailView.swift in Sources */,
				02699BB924021C2400211C0F /* AppDelegate.swift in Sources */,
				02A5D1D524044F7F00060CA2 /* UserCollection.swift in Sources */,
				6CF62ECA2405DB10008B62C6 /* ItemTableViewCell.swift in Sources */,
				6CF62ECC2405DB4B008B62C6 /* configure.swift in Sources */,
				02699BEF2402208A00211C0F /* TabBarController.swift in Sources */,
				02699BBB24021C2400211C0F /* SceneDelegate.swift in Sources */,
				026C2A1E2406E32400B71A14 /* VenueCollectionTableCell.swift in Sources */,
				C187F2FA2405A03400C10721 /* CollectionViewCell.swift in Sources */,
				6CF62EC62405DAE2008B62C6 /* ItemTableView.swift in Sources */,
				02699BEB2402204200211C0F /* UserCollectionsController.swift in Sources */,
				6CF62EC42405DAC7008B62C6 /* DetailViewController.swift in Sources */,
				02A5D1DA240452AA00060CA2 /* CreateCollectionController.swift in Sources */,
				02699BE924021FCA00211C0F /* FoursquareSearch.swift in Sources */,
				02699BE724021F8400211C0F /* FoursquareAPIClient.swift in Sources */,
				6CF62EC22405DABC008B62C6 /* ItemTableViewController.swift in Sources */,
				026C2A1C2406E1DD00B71A14 /* VenueCollectionController.swift in Sources */,
				02699BF32402217C00211C0F /* UserCollectionsView.swift in Sources */,
				C1AE932D24060C8F00ECF980 /* FourSquarePhotosModel.swift in Sources */,
				0269500C2404407F001CE788 /* UsersCollectionsCell.swift in Sources */,
				02699BED2402205600211C0F /* MapViewController.swift in Sources */,
			);
			runOnlyForDeploymentPostprocessing = 0;
		};
		02699BC724021C2900211C0F /* Sources */ = {
			isa = PBXSourcesBuildPhase;
			buildActionMask = 2147483647;
			files = (
				02699BD024021C2900211C0F /* Mock_Foursquare_AppTests.swift in Sources */,
			);
			runOnlyForDeploymentPostprocessing = 0;
		};
/* End PBXSourcesBuildPhase section */

/* Begin PBXTargetDependency section */
		02699BCD24021C2900211C0F /* PBXTargetDependency */ = {
			isa = PBXTargetDependency;
			target = 02699BB424021C2400211C0F /* Mock-Foursquare-App */;
			targetProxy = 02699BCC24021C2900211C0F /* PBXContainerItemProxy */;
		};
/* End PBXTargetDependency section */

/* Begin PBXVariantGroup section */
		02699BC324021C2900211C0F /* LaunchScreen.storyboard */ = {
			isa = PBXVariantGroup;
			children = (
				02699BC424021C2900211C0F /* Base */,
			);
			name = LaunchScreen.storyboard;
			sourceTree = "<group>";
		};
/* End PBXVariantGroup section */

/* Begin XCBuildConfiguration section */
		02699BD224021C2900211C0F /* Debug */ = {
			isa = XCBuildConfiguration;
			buildSettings = {
				ALWAYS_SEARCH_USER_PATHS = NO;
				CLANG_ANALYZER_NONNULL = YES;
				CLANG_ANALYZER_NUMBER_OBJECT_CONVERSION = YES_AGGRESSIVE;
				CLANG_CXX_LANGUAGE_STANDARD = "gnu++14";
				CLANG_CXX_LIBRARY = "libc++";
				CLANG_ENABLE_MODULES = YES;
				CLANG_ENABLE_OBJC_ARC = YES;
				CLANG_ENABLE_OBJC_WEAK = YES;
				CLANG_WARN_BLOCK_CAPTURE_AUTORELEASING = YES;
				CLANG_WARN_BOOL_CONVERSION = YES;
				CLANG_WARN_COMMA = YES;
				CLANG_WARN_CONSTANT_CONVERSION = YES;
				CLANG_WARN_DEPRECATED_OBJC_IMPLEMENTATIONS = YES;
				CLANG_WARN_DIRECT_OBJC_ISA_USAGE = YES_ERROR;
				CLANG_WARN_DOCUMENTATION_COMMENTS = YES;
				CLANG_WARN_EMPTY_BODY = YES;
				CLANG_WARN_ENUM_CONVERSION = YES;
				CLANG_WARN_INFINITE_RECURSION = YES;
				CLANG_WARN_INT_CONVERSION = YES;
				CLANG_WARN_NON_LITERAL_NULL_CONVERSION = YES;
				CLANG_WARN_OBJC_IMPLICIT_RETAIN_SELF = YES;
				CLANG_WARN_OBJC_LITERAL_CONVERSION = YES;
				CLANG_WARN_OBJC_ROOT_CLASS = YES_ERROR;
				CLANG_WARN_RANGE_LOOP_ANALYSIS = YES;
				CLANG_WARN_STRICT_PROTOTYPES = YES;
				CLANG_WARN_SUSPICIOUS_MOVE = YES;
				CLANG_WARN_UNGUARDED_AVAILABILITY = YES_AGGRESSIVE;
				CLANG_WARN_UNREACHABLE_CODE = YES;
				CLANG_WARN__DUPLICATE_METHOD_MATCH = YES;
				COPY_PHASE_STRIP = NO;
				DEBUG_INFORMATION_FORMAT = dwarf;
				ENABLE_STRICT_OBJC_MSGSEND = YES;
				ENABLE_TESTABILITY = YES;
				GCC_C_LANGUAGE_STANDARD = gnu11;
				GCC_DYNAMIC_NO_PIC = NO;
				GCC_NO_COMMON_BLOCKS = YES;
				GCC_OPTIMIZATION_LEVEL = 0;
				GCC_PREPROCESSOR_DEFINITIONS = (
					"DEBUG=1",
					"$(inherited)",
				);
				GCC_WARN_64_TO_32_BIT_CONVERSION = YES;
				GCC_WARN_ABOUT_RETURN_TYPE = YES_ERROR;
				GCC_WARN_UNDECLARED_SELECTOR = YES;
				GCC_WARN_UNINITIALIZED_AUTOS = YES_AGGRESSIVE;
				GCC_WARN_UNUSED_FUNCTION = YES;
				GCC_WARN_UNUSED_VARIABLE = YES;
				IPHONEOS_DEPLOYMENT_TARGET = 13.2;
				MTL_ENABLE_DEBUG_INFO = INCLUDE_SOURCE;
				MTL_FAST_MATH = YES;
				ONLY_ACTIVE_ARCH = YES;
				SDKROOT = iphoneos;
				SWIFT_ACTIVE_COMPILATION_CONDITIONS = DEBUG;
				SWIFT_OPTIMIZATION_LEVEL = "-Onone";
			};
			name = Debug;
		};
		02699BD324021C2900211C0F /* Release */ = {
			isa = XCBuildConfiguration;
			buildSettings = {
				ALWAYS_SEARCH_USER_PATHS = NO;
				CLANG_ANALYZER_NONNULL = YES;
				CLANG_ANALYZER_NUMBER_OBJECT_CONVERSION = YES_AGGRESSIVE;
				CLANG_CXX_LANGUAGE_STANDARD = "gnu++14";
				CLANG_CXX_LIBRARY = "libc++";
				CLANG_ENABLE_MODULES = YES;
				CLANG_ENABLE_OBJC_ARC = YES;
				CLANG_ENABLE_OBJC_WEAK = YES;
				CLANG_WARN_BLOCK_CAPTURE_AUTORELEASING = YES;
				CLANG_WARN_BOOL_CONVERSION = YES;
				CLANG_WARN_COMMA = YES;
				CLANG_WARN_CONSTANT_CONVERSION = YES;
				CLANG_WARN_DEPRECATED_OBJC_IMPLEMENTATIONS = YES;
				CLANG_WARN_DIRECT_OBJC_ISA_USAGE = YES_ERROR;
				CLANG_WARN_DOCUMENTATION_COMMENTS = YES;
				CLANG_WARN_EMPTY_BODY = YES;
				CLANG_WARN_ENUM_CONVERSION = YES;
				CLANG_WARN_INFINITE_RECURSION = YES;
				CLANG_WARN_INT_CONVERSION = YES;
				CLANG_WARN_NON_LITERAL_NULL_CONVERSION = YES;
				CLANG_WARN_OBJC_IMPLICIT_RETAIN_SELF = YES;
				CLANG_WARN_OBJC_LITERAL_CONVERSION = YES;
				CLANG_WARN_OBJC_ROOT_CLASS = YES_ERROR;
				CLANG_WARN_RANGE_LOOP_ANALYSIS = YES;
				CLANG_WARN_STRICT_PROTOTYPES = YES;
				CLANG_WARN_SUSPICIOUS_MOVE = YES;
				CLANG_WARN_UNGUARDED_AVAILABILITY = YES_AGGRESSIVE;
				CLANG_WARN_UNREACHABLE_CODE = YES;
				CLANG_WARN__DUPLICATE_METHOD_MATCH = YES;
				COPY_PHASE_STRIP = NO;
				DEBUG_INFORMATION_FORMAT = "dwarf-with-dsym";
				ENABLE_NS_ASSERTIONS = NO;
				ENABLE_STRICT_OBJC_MSGSEND = YES;
				GCC_C_LANGUAGE_STANDARD = gnu11;
				GCC_NO_COMMON_BLOCKS = YES;
				GCC_WARN_64_TO_32_BIT_CONVERSION = YES;
				GCC_WARN_ABOUT_RETURN_TYPE = YES_ERROR;
				GCC_WARN_UNDECLARED_SELECTOR = YES;
				GCC_WARN_UNINITIALIZED_AUTOS = YES_AGGRESSIVE;
				GCC_WARN_UNUSED_FUNCTION = YES;
				GCC_WARN_UNUSED_VARIABLE = YES;
				IPHONEOS_DEPLOYMENT_TARGET = 13.2;
				MTL_ENABLE_DEBUG_INFO = NO;
				MTL_FAST_MATH = YES;
				SDKROOT = iphoneos;
				SWIFT_COMPILATION_MODE = wholemodule;
				SWIFT_OPTIMIZATION_LEVEL = "-O";
				VALIDATE_PRODUCT = YES;
			};
			name = Release;
		};
		02699BD524021C2900211C0F /* Debug */ = {
			isa = XCBuildConfiguration;
			buildSettings = {
				ASSETCATALOG_COMPILER_APPICON_NAME = AppIcon;
				CODE_SIGN_STYLE = Automatic;
				DEVELOPMENT_TEAM = 26RHXP32FH;
				INFOPLIST_FILE = "Mock-Foursquare-App/Info.plist";
				LD_RUNPATH_SEARCH_PATHS = (
					"$(inherited)",
					"@executable_path/Frameworks",
				);
				PRODUCT_BUNDLE_IDENTIFIER = "com.gregK.Mock-Foursquare-App";
				PRODUCT_NAME = "$(TARGET_NAME)";
				SWIFT_VERSION = 5.0;
				TARGETED_DEVICE_FAMILY = "1,2";
			};
			name = Debug;
		};
		02699BD624021C2900211C0F /* Release */ = {
			isa = XCBuildConfiguration;
			buildSettings = {
				ASSETCATALOG_COMPILER_APPICON_NAME = AppIcon;
				CODE_SIGN_STYLE = Automatic;
				DEVELOPMENT_TEAM = 26RHXP32FH;
				INFOPLIST_FILE = "Mock-Foursquare-App/Info.plist";
				LD_RUNPATH_SEARCH_PATHS = (
					"$(inherited)",
					"@executable_path/Frameworks",
				);
				PRODUCT_BUNDLE_IDENTIFIER = "com.gregK.Mock-Foursquare-App";
				PRODUCT_NAME = "$(TARGET_NAME)";
				SWIFT_VERSION = 5.0;
				TARGETED_DEVICE_FAMILY = "1,2";
			};
			name = Release;
		};
		02699BD824021C2900211C0F /* Debug */ = {
			isa = XCBuildConfiguration;
			buildSettings = {
				ALWAYS_EMBED_SWIFT_STANDARD_LIBRARIES = YES;
				BUNDLE_LOADER = "$(TEST_HOST)";
				CODE_SIGN_STYLE = Automatic;
				DEVELOPMENT_TEAM = 87F72Z6LFG;
				INFOPLIST_FILE = "Mock-Foursquare-AppTests/Info.plist";
				IPHONEOS_DEPLOYMENT_TARGET = 13.2;
				LD_RUNPATH_SEARCH_PATHS = (
					"$(inherited)",
					"@executable_path/Frameworks",
					"@loader_path/Frameworks",
				);
				PRODUCT_BUNDLE_IDENTIFIER = "com.kelbymittan.Mock-Foursquare-AppTests";
				PRODUCT_NAME = "$(TARGET_NAME)";
				SWIFT_VERSION = 5.0;
				TARGETED_DEVICE_FAMILY = "1,2";
				TEST_HOST = "$(BUILT_PRODUCTS_DIR)/Mock-Foursquare-App.app/Mock-Foursquare-App";
			};
			name = Debug;
		};
		02699BD924021C2900211C0F /* Release */ = {
			isa = XCBuildConfiguration;
			buildSettings = {
				ALWAYS_EMBED_SWIFT_STANDARD_LIBRARIES = YES;
				BUNDLE_LOADER = "$(TEST_HOST)";
				CODE_SIGN_STYLE = Automatic;
				DEVELOPMENT_TEAM = 87F72Z6LFG;
				INFOPLIST_FILE = "Mock-Foursquare-AppTests/Info.plist";
				IPHONEOS_DEPLOYMENT_TARGET = 13.2;
				LD_RUNPATH_SEARCH_PATHS = (
					"$(inherited)",
					"@executable_path/Frameworks",
					"@loader_path/Frameworks",
				);
				PRODUCT_BUNDLE_IDENTIFIER = "com.kelbymittan.Mock-Foursquare-AppTests";
				PRODUCT_NAME = "$(TARGET_NAME)";
				SWIFT_VERSION = 5.0;
				TARGETED_DEVICE_FAMILY = "1,2";
				TEST_HOST = "$(BUILT_PRODUCTS_DIR)/Mock-Foursquare-App.app/Mock-Foursquare-App";
			};
			name = Release;
		};
/* End XCBuildConfiguration section */

/* Begin XCConfigurationList section */
		02699BB024021C2400211C0F /* Build configuration list for PBXProject "Mock-Foursquare-App" */ = {
			isa = XCConfigurationList;
			buildConfigurations = (
				02699BD224021C2900211C0F /* Debug */,
				02699BD324021C2900211C0F /* Release */,
			);
			defaultConfigurationIsVisible = 0;
			defaultConfigurationName = Release;
		};
		02699BD424021C2900211C0F /* Build configuration list for PBXNativeTarget "Mock-Foursquare-App" */ = {
			isa = XCConfigurationList;
			buildConfigurations = (
				02699BD524021C2900211C0F /* Debug */,
				02699BD624021C2900211C0F /* Release */,
			);
			defaultConfigurationIsVisible = 0;
			defaultConfigurationName = Release;
		};
		02699BD724021C2900211C0F /* Build configuration list for PBXNativeTarget "Mock-Foursquare-AppTests" */ = {
			isa = XCConfigurationList;
			buildConfigurations = (
				02699BD824021C2900211C0F /* Debug */,
				02699BD924021C2900211C0F /* Release */,
			);
			defaultConfigurationIsVisible = 0;
			defaultConfigurationName = Release;
		};
/* End XCConfigurationList section */

/* Begin XCRemoteSwiftPackageReference section */
		02699BE324021F5300211C0F /* XCRemoteSwiftPackageReference "ImageKit" */ = {
			isa = XCRemoteSwiftPackageReference;
			repositoryURL = "https://github.com/alexpaul/ImageKit";
			requirement = {
				kind = upToNextMajorVersion;
				minimumVersion = 1.0.4;
			};
		};
/* End XCRemoteSwiftPackageReference section */

/* Begin XCSwiftPackageProductDependency section */
		02699BE424021F5300211C0F /* ImageKit */ = {
			isa = XCSwiftPackageProductDependency;
			package = 02699BE324021F5300211C0F /* XCRemoteSwiftPackageReference "ImageKit" */;
			productName = ImageKit;
		};
/* End XCSwiftPackageProductDependency section */
	};
	rootObject = 02699BAD24021C2400211C0F /* Project object */;
}
